
Microsoft Visual Studio Solution File, Format Version 12.00
# Visual Studio 15
VisualStudioVersion = 15.0.26124.0
MinimumVisualStudioVersion = 15.0.26124.0
Project("{FAE04EC0-301F-11D3-BF4B-00C04F79EFBC}") = "S3UploadStream", "S3UploadStream\S3UploadStream.csproj", "{16DFA0F3-42D2-4E71-BE7B-42B885FCD828}"
EndProject
Project("{2150E333-8FDC-42A3-9474-1A3956D46DE8}") = "Examples", "Examples", "{B9B3E61A-C8A3-47A5-88E9-47435BE40E2F}"
EndProject
Project("{FAE04EC0-301F-11D3-BF4B-00C04F79EFBC}") = "DecompressGzAndUpload", "Examples\DecompressGzAndUpload\DecompressGzAndUpload.csproj", "{6A581B6D-4674-4295-9315-7D950E4C01D1}"
EndProject
Project("{FAE04EC0-301F-11D3-BF4B-00C04F79EFBC}") = "DecryptAesAndUpload", "Examples\DecryptAesAndUpload\DecryptAesAndUpload.csproj", "{1E168D5F-036C-4C72-B754-A16D5D517B05}"
EndProject
Project("{FAE04EC0-301F-11D3-BF4B-00C04F79EFBC}") = "ZipS3ListToS3", "Examples\ZipS3ListToS3\ZipS3ListToS3.csproj", "{F93B279D-F34B-40B1-88C0-4C3679FBB682}"
EndProject
Project("{FAE04EC0-301F-11D3-BF4B-00C04F79EFBC}") = "DecryptPgpAndUpload", "Examples\DecryptPgpAndUpload\DecryptPgpAndUpload.csproj", "{3E5B6847-4031-440E-BB10-DA9F8CB53C11}"
EndProject
Global
	GlobalSection(SolutionConfigurationPlatforms) = preSolution
		Debug|Any CPU = Debug|Any CPU
		Debug|x64 = Debug|x64
		Debug|x86 = Debug|x86
		Release|Any CPU = Release|Any CPU
		Release|x64 = Release|x64
		Release|x86 = Release|x86
	EndGlobalSection
	GlobalSection(SolutionProperties) = preSolution
		HideSolutionNode = FALSE
	EndGlobalSection
	GlobalSection(ProjectConfigurationPlatforms) = postSolution
		{16DFA0F3-42D2-4E71-BE7B-42B885FCD828}.Debug|Any CPU.ActiveCfg = Debug|Any CPU
		{16DFA0F3-42D2-4E71-BE7B-42B885FCD828}.Debug|Any CPU.Build.0 = Debug|Any CPU
		{16DFA0F3-42D2-4E71-BE7B-42B885FCD828}.Debug|x64.ActiveCfg = Debug|Any CPU
		{16DFA0F3-42D2-4E71-BE7B-42B885FCD828}.Debug|x64.Build.0 = Debug|Any CPU
		{16DFA0F3-42D2-4E71-BE7B-42B885FCD828}.Debug|x86.ActiveCfg = Debug|Any CPU
		{16DFA0F3-42D2-4E71-BE7B-42B885FCD828}.Debug|x86.Build.0 = Debug|Any CPU
		{16DFA0F3-42D2-4E71-BE7B-42B885FCD828}.Release|Any CPU.ActiveCfg = Release|Any CPU
		{16DFA0F3-42D2-4E71-BE7B-42B885FCD828}.Release|Any CPU.Build.0 = Release|Any CPU
		{16DFA0F3-42D2-4E71-BE7B-42B885FCD828}.Release|x64.ActiveCfg = Release|Any CPU
		{16DFA0F3-42D2-4E71-BE7B-42B885FCD828}.Release|x64.Build.0 = Release|Any CPU
		{16DFA0F3-42D2-4E71-BE7B-42B885FCD828}.Release|x86.ActiveCfg = Release|Any CPU
		{16DFA0F3-42D2-4E71-BE7B-42B885FCD828}.Release|x86.Build.0 = Release|Any CPU
		{D3AFBF9F-230F-4B4E-B36C-981A2CD4CA42}.Debug|Any CPU.ActiveCfg = Debug|Any CPU
		{D3AFBF9F-230F-4B4E-B36C-981A2CD4CA42}.Debug|Any CPU.Build.0 = Debug|Any CPU
		{D3AFBF9F-230F-4B4E-B36C-981A2CD4CA42}.Debug|x64.ActiveCfg = Debug|Any CPU
		{D3AFBF9F-230F-4B4E-B36C-981A2CD4CA42}.Debug|x64.Build.0 = Debug|Any CPU
		{D3AFBF9F-230F-4B4E-B36C-981A2CD4CA42}.Debug|x86.ActiveCfg = Debug|Any CPU
		{D3AFBF9F-230F-4B4E-B36C-981A2CD4CA42}.Debug|x86.Build.0 = Debug|Any CPU
		{D3AFBF9F-230F-4B4E-B36C-981A2CD4CA42}.Release|Any CPU.ActiveCfg = Release|Any CPU
		{D3AFBF9F-230F-4B4E-B36C-981A2CD4CA42}.Release|Any CPU.Build.0 = Release|Any CPU
		{D3AFBF9F-230F-4B4E-B36C-981A2CD4CA42}.Release|x64.ActiveCfg = Release|Any CPU
		{D3AFBF9F-230F-4B4E-B36C-981A2CD4CA42}.Release|x64.Build.0 = Release|Any CPU
		{D3AFBF9F-230F-4B4E-B36C-981A2CD4CA42}.Release|x86.ActiveCfg = Release|Any CPU
		{D3AFBF9F-230F-4B4E-B36C-981A2CD4CA42}.Release|x86.Build.0 = Release|Any CPU
		{6A581B6D-4674-4295-9315-7D950E4C01D1}.Debug|Any CPU.ActiveCfg = Debug|Any CPU
		{6A581B6D-4674-4295-9315-7D950E4C01D1}.Debug|Any CPU.Build.0 = Debug|Any CPU
		{6A581B6D-4674-4295-9315-7D950E4C01D1}.Debug|x64.ActiveCfg = Debug|Any CPU
		{6A581B6D-4674-4295-9315-7D950E4C01D1}.Debug|x64.Build.0 = Debug|Any CPU
		{6A581B6D-4674-4295-9315-7D950E4C01D1}.Debug|x86.ActiveCfg = Debug|Any CPU
		{6A581B6D-4674-4295-9315-7D950E4C01D1}.Debug|x86.Build.0 = Debug|Any CPU
		{6A581B6D-4674-4295-9315-7D950E4C01D1}.Release|Any CPU.ActiveCfg = Release|Any CPU
		{6A581B6D-4674-4295-9315-7D950E4C01D1}.Release|Any CPU.Build.0 = Release|Any CPU
		{6A581B6D-4674-4295-9315-7D950E4C01D1}.Release|x64.ActiveCfg = Release|Any CPU
		{6A581B6D-4674-4295-9315-7D950E4C01D1}.Release|x64.Build.0 = Release|Any CPU
		{6A581B6D-4674-4295-9315-7D950E4C01D1}.Release|x86.ActiveCfg = Release|Any CPU
		{6A581B6D-4674-4295-9315-7D950E4C01D1}.Release|x86.Build.0 = Release|Any CPU
		{1E168D5F-036C-4C72-B754-A16D5D517B05}.Debug|Any CPU.ActiveCfg = Debug|Any CPU
		{1E168D5F-036C-4C72-B754-A16D5D517B05}.Debug|Any CPU.Build.0 = Debug|Any CPU
		{1E168D5F-036C-4C72-B754-A16D5D517B05}.Debug|x64.ActiveCfg = Debug|Any CPU
		{1E168D5F-036C-4C72-B754-A16D5D517B05}.Debug|x64.Build.0 = Debug|Any CPU
		{1E168D5F-036C-4C72-B754-A16D5D517B05}.Debug|x86.ActiveCfg = Debug|Any CPU
		{1E168D5F-036C-4C72-B754-A16D5D517B05}.Debug|x86.Build.0 = Debug|Any CPU
		{1E168D5F-036C-4C72-B754-A16D5D517B05}.Release|Any CPU.ActiveCfg = Release|Any CPU
		{1E168D5F-036C-4C72-B754-A16D5D517B05}.Release|Any CPU.Build.0 = Release|Any CPU
		{1E168D5F-036C-4C72-B754-A16D5D517B05}.Release|x64.ActiveCfg = Release|Any CPU
		{1E168D5F-036C-4C72-B754-A16D5D517B05}.Release|x64.Build.0 = Release|Any CPU
		{1E168D5F-036C-4C72-B754-A16D5D517B05}.Release|x86.ActiveCfg = Release|Any CPU
		{1E168D5F-036C-4C72-B754-A16D5D517B05}.Release|x86.Build.0 = Release|Any CPU
		{F93B279D-F34B-40B1-88C0-4C3679FBB682}.Debug|Any CPU.ActiveCfg = Debug|Any CPU
		{F93B279D-F34B-40B1-88C0-4C3679FBB682}.Debug|Any CPU.Build.0 = Debug|Any CPU
		{F93B279D-F34B-40B1-88C0-4C3679FBB682}.Debug|x64.ActiveCfg = Debug|Any CPU
		{F93B279D-F34B-40B1-88C0-4C3679FBB682}.Debug|x64.Build.0 = Debug|Any CPU
		{F93B279D-F34B-40B1-88C0-4C3679FBB682}.Debug|x86.ActiveCfg = Debug|Any CPU
		{F93B279D-F34B-40B1-88C0-4C3679FBB682}.Debug|x86.Build.0 = Debug|Any CPU
		{F93B279D-F34B-40B1-88C0-4C3679FBB682}.Release|Any CPU.ActiveCfg = Release|Any CPU
		{F93B279D-F34B-40B1-88C0-4C3679FBB682}.Release|Any CPU.Build.0 = Release|Any CPU
		{F93B279D-F34B-40B1-88C0-4C3679FBB682}.Release|x64.ActiveCfg = Release|Any CPU
		{F93B279D-F34B-40B1-88C0-4C3679FBB682}.Release|x64.Build.0 = Release|Any CPU
		{F93B279D-F34B-40B1-88C0-4C3679FBB682}.Release|x86.ActiveCfg = Release|Any CPU
		{F93B279D-F34B-40B1-88C0-4C3679FBB682}.Release|x86.Build.0 = Release|Any CPU
		{3E5B6847-4031-440E-BB10-DA9F8CB53C11}.Debug|Any CPU.ActiveCfg = Debug|Any CPU
		{3E5B6847-4031-440E-BB10-DA9F8CB53C11}.Debug|Any CPU.Build.0 = Debug|Any CPU
		{3E5B6847-4031-440E-BB10-DA9F8CB53C11}.Debug|x64.ActiveCfg = Debug|Any CPU
		{3E5B6847-4031-440E-BB10-DA9F8CB53C11}.Debug|x64.Build.0 = Debug|Any CPU
		{3E5B6847-4031-440E-BB10-DA9F8CB53C11}.Debug|x86.ActiveCfg = Debug|Any CPU
		{3E5B6847-4031-440E-BB10-DA9F8CB53C11}.Debug|x86.Build.0 = Debug|Any CPU
		{3E5B6847-4031-440E-BB10-DA9F8CB53C11}.Release|Any CPU.ActiveCfg = Release|Any CPU
		{3E5B6847-4031-440E-BB10-DA9F8CB53C11}.Release|Any CPU.Build.0 = Release|Any CPU
		{3E5B6847-4031-440E-BB10-DA9F8CB53C11}.Release|x64.ActiveCfg = Release|Any CPU
		{3E5B6847-4031-440E-BB10-DA9F8CB53C11}.Release|x64.Build.0 = Release|Any CPU
		{3E5B6847-4031-440E-BB10-DA9F8CB53C11}.Release|x86.ActiveCfg = Release|Any CPU
		{3E5B6847-4031-440E-BB10-DA9F8CB53C11}.Release|x86.Build.0 = Release|Any CPU
	EndGlobalSection
	GlobalSection(NestedProjects) = preSolution
		{D3AFBF9F-230F-4B4E-B36C-981A2CD4CA42} = {C8CD868B-38DD-4731-9D6D-7753B1142B53}
		{6A581B6D-4674-4295-9315-7D950E4C01D1} = {B9B3E61A-C8A3-47A5-88E9-47435BE40E2F}
		{1E168D5F-036C-4C72-B754-A16D5D517B05} = {B9B3E61A-C8A3-47A5-88E9-47435BE40E2F}
		{F93B279D-F34B-40B1-88C0-4C3679FBB682} = {B9B3E61A-C8A3-47A5-88E9-47435BE40E2F}
		{3E5B6847-4031-440E-BB10-DA9F8CB53C11} = {B9B3E61A-C8A3-47A5-88E9-47435BE40E2F}
	EndGlobalSection
EndGlobal
