
Microsoft Visual Studio Solution File, Format Version 12.00
# Visual Studio Version 16
VisualStudioVersion = 16.6.30114.105
MinimumVisualStudioVersion = 10.0.40219.1
Project("{FAE04EC0-301F-11D3-BF4B-00C04F79EFBC}") = "S3UploadStream", "S3UploadStream\S3UploadStream.csproj", "{1A3EE433-C4BE-41C1-9881-065FD4450FD0}"
EndProject
Project("{2150E333-8FDC-42A3-9474-1A3956D46DE8}") = "Examples", "Examples", "{D9BA58B9-F7DC-4099-B958-B20BFD37942C}"
EndProject
Project("{FAE04EC0-301F-11D3-BF4B-00C04F79EFBC}") = "DecompressGzAndUpload", "Examples\DecompressGzAndUpload\DecompressGzAndUpload.csproj", "{E35A830E-685B-41DA-96BB-3C63C55DFF1D}"
EndProject
Project("{FAE04EC0-301F-11D3-BF4B-00C04F79EFBC}") = "DecryptAesAndUpload", "Examples\DecryptAesAndUpload\DecryptAesAndUpload.csproj", "{320A937C-28D3-4340-9E36-2B764118E0A6}"
EndProject
Project("{FAE04EC0-301F-11D3-BF4B-00C04F79EFBC}") = "DecryptPgpAndUpload", "Examples\DecryptPgpAndUpload\DecryptPgpAndUpload.csproj", "{75C1EE4F-9622-4298-A209-ECD371A53966}"
EndProject
Project("{FAE04EC0-301F-11D3-BF4B-00C04F79EFBC}") = "ZipS3ListToS3", "Examples\ZipS3ListToS3\ZipS3ListToS3.csproj", "{4B0A56B2-81F2-4F22-A707-59725F326E70}"
EndProject
Global
	GlobalSection(SolutionConfigurationPlatforms) = preSolution
		Debug|Any CPU = Debug|Any CPU
		Debug|x64 = Debug|x64
		Debug|x86 = Debug|x86
		Release|Any CPU = Release|Any CPU
		Release|x64 = Release|x64
		Release|x86 = Release|x86
	EndGlobalSection
	GlobalSection(SolutionProperties) = preSolution
		HideSolutionNode = FALSE
	EndGlobalSection
	GlobalSection(ProjectConfigurationPlatforms) = postSolution
		{1A3EE433-C4BE-41C1-9881-065FD4450FD0}.Debug|Any CPU.ActiveCfg = Debug|Any CPU
		{1A3EE433-C4BE-41C1-9881-065FD4450FD0}.Debug|Any CPU.Build.0 = Debug|Any CPU
		{1A3EE433-C4BE-41C1-9881-065FD4450FD0}.Debug|x64.ActiveCfg = Debug|Any CPU
		{1A3EE433-C4BE-41C1-9881-065FD4450FD0}.Debug|x64.Build.0 = Debug|Any CPU
		{1A3EE433-C4BE-41C1-9881-065FD4450FD0}.Debug|x86.ActiveCfg = Debug|Any CPU
		{1A3EE433-C4BE-41C1-9881-065FD4450FD0}.Debug|x86.Build.0 = Debug|Any CPU
		{1A3EE433-C4BE-41C1-9881-065FD4450FD0}.Release|Any CPU.ActiveCfg = Release|Any CPU
		{1A3EE433-C4BE-41C1-9881-065FD4450FD0}.Release|Any CPU.Build.0 = Release|Any CPU
		{1A3EE433-C4BE-41C1-9881-065FD4450FD0}.Release|x64.ActiveCfg = Release|Any CPU
		{1A3EE433-C4BE-41C1-9881-065FD4450FD0}.Release|x64.Build.0 = Release|Any CPU
		{1A3EE433-C4BE-41C1-9881-065FD4450FD0}.Release|x86.ActiveCfg = Release|Any CPU
		{1A3EE433-C4BE-41C1-9881-065FD4450FD0}.Release|x86.Build.0 = Release|Any CPU
		{E35A830E-685B-41DA-96BB-3C63C55DFF1D}.Debug|Any CPU.ActiveCfg = Debug|Any CPU
		{E35A830E-685B-41DA-96BB-3C63C55DFF1D}.Debug|Any CPU.Build.0 = Debug|Any CPU
		{E35A830E-685B-41DA-96BB-3C63C55DFF1D}.Debug|x64.ActiveCfg = Debug|Any CPU
		{E35A830E-685B-41DA-96BB-3C63C55DFF1D}.Debug|x64.Build.0 = Debug|Any CPU
		{E35A830E-685B-41DA-96BB-3C63C55DFF1D}.Debug|x86.ActiveCfg = Debug|Any CPU
		{E35A830E-685B-41DA-96BB-3C63C55DFF1D}.Debug|x86.Build.0 = Debug|Any CPU
		{E35A830E-685B-41DA-96BB-3C63C55DFF1D}.Release|Any CPU.ActiveCfg = Release|Any CPU
		{E35A830E-685B-41DA-96BB-3C63C55DFF1D}.Release|Any CPU.Build.0 = Release|Any CPU
		{E35A830E-685B-41DA-96BB-3C63C55DFF1D}.Release|x64.ActiveCfg = Release|Any CPU
		{E35A830E-685B-41DA-96BB-3C63C55DFF1D}.Release|x64.Build.0 = Release|Any CPU
		{E35A830E-685B-41DA-96BB-3C63C55DFF1D}.Release|x86.ActiveCfg = Release|Any CPU
		{E35A830E-685B-41DA-96BB-3C63C55DFF1D}.Release|x86.Build.0 = Release|Any CPU
		{320A937C-28D3-4340-9E36-2B764118E0A6}.Debug|Any CPU.ActiveCfg = Debug|Any CPU
		{320A937C-28D3-4340-9E36-2B764118E0A6}.Debug|Any CPU.Build.0 = Debug|Any CPU
		{320A937C-28D3-4340-9E36-2B764118E0A6}.Debug|x64.ActiveCfg = Debug|Any CPU
		{320A937C-28D3-4340-9E36-2B764118E0A6}.Debug|x64.Build.0 = Debug|Any CPU
		{320A937C-28D3-4340-9E36-2B764118E0A6}.Debug|x86.ActiveCfg = Debug|Any CPU
		{320A937C-28D3-4340-9E36-2B764118E0A6}.Debug|x86.Build.0 = Debug|Any CPU
		{320A937C-28D3-4340-9E36-2B764118E0A6}.Release|Any CPU.ActiveCfg = Release|Any CPU
		{320A937C-28D3-4340-9E36-2B764118E0A6}.Release|Any CPU.Build.0 = Release|Any CPU
		{320A937C-28D3-4340-9E36-2B764118E0A6}.Release|x64.ActiveCfg = Release|Any CPU
		{320A937C-28D3-4340-9E36-2B764118E0A6}.Release|x64.Build.0 = Release|Any CPU
		{320A937C-28D3-4340-9E36-2B764118E0A6}.Release|x86.ActiveCfg = Release|Any CPU
		{320A937C-28D3-4340-9E36-2B764118E0A6}.Release|x86.Build.0 = Release|Any CPU
		{75C1EE4F-9622-4298-A209-ECD371A53966}.Debug|Any CPU.ActiveCfg = Debug|Any CPU
		{75C1EE4F-9622-4298-A209-ECD371A53966}.Debug|Any CPU.Build.0 = Debug|Any CPU
		{75C1EE4F-9622-4298-A209-ECD371A53966}.Debug|x64.ActiveCfg = Debug|Any CPU
		{75C1EE4F-9622-4298-A209-ECD371A53966}.Debug|x64.Build.0 = Debug|Any CPU
		{75C1EE4F-9622-4298-A209-ECD371A53966}.Debug|x86.ActiveCfg = Debug|Any CPU
		{75C1EE4F-9622-4298-A209-ECD371A53966}.Debug|x86.Build.0 = Debug|Any CPU
		{75C1EE4F-9622-4298-A209-ECD371A53966}.Release|Any CPU.ActiveCfg = Release|Any CPU
		{75C1EE4F-9622-4298-A209-ECD371A53966}.Release|Any CPU.Build.0 = Release|Any CPU
		{75C1EE4F-9622-4298-A209-ECD371A53966}.Release|x64.ActiveCfg = Release|Any CPU
		{75C1EE4F-9622-4298-A209-ECD371A53966}.Release|x64.Build.0 = Release|Any CPU
		{75C1EE4F-9622-4298-A209-ECD371A53966}.Release|x86.ActiveCfg = Release|Any CPU
		{75C1EE4F-9622-4298-A209-ECD371A53966}.Release|x86.Build.0 = Release|Any CPU
		{4B0A56B2-81F2-4F22-A707-59725F326E70}.Debug|Any CPU.ActiveCfg = Debug|Any CPU
		{4B0A56B2-81F2-4F22-A707-59725F326E70}.Debug|Any CPU.Build.0 = Debug|Any CPU
		{4B0A56B2-81F2-4F22-A707-59725F326E70}.Debug|x64.ActiveCfg = Debug|Any CPU
		{4B0A56B2-81F2-4F22-A707-59725F326E70}.Debug|x64.Build.0 = Debug|Any CPU
		{4B0A56B2-81F2-4F22-A707-59725F326E70}.Debug|x86.ActiveCfg = Debug|Any CPU
		{4B0A56B2-81F2-4F22-A707-59725F326E70}.Debug|x86.Build.0 = Debug|Any CPU
		{4B0A56B2-81F2-4F22-A707-59725F326E70}.Release|Any CPU.ActiveCfg = Release|Any CPU
		{4B0A56B2-81F2-4F22-A707-59725F326E70}.Release|Any CPU.Build.0 = Release|Any CPU
		{4B0A56B2-81F2-4F22-A707-59725F326E70}.Release|x64.ActiveCfg = Release|Any CPU
		{4B0A56B2-81F2-4F22-A707-59725F326E70}.Release|x64.Build.0 = Release|Any CPU
		{4B0A56B2-81F2-4F22-A707-59725F326E70}.Release|x86.ActiveCfg = Release|Any CPU
		{4B0A56B2-81F2-4F22-A707-59725F326E70}.Release|x86.Build.0 = Release|Any CPU
	EndGlobalSection
	GlobalSection(NestedProjects) = preSolution
		{E35A830E-685B-41DA-96BB-3C63C55DFF1D} = {D9BA58B9-F7DC-4099-B958-B20BFD37942C}
		{320A937C-28D3-4340-9E36-2B764118E0A6} = {D9BA58B9-F7DC-4099-B958-B20BFD37942C}
		{75C1EE4F-9622-4298-A209-ECD371A53966} = {D9BA58B9-F7DC-4099-B958-B20BFD37942C}
		{4B0A56B2-81F2-4F22-A707-59725F326E70} = {D9BA58B9-F7DC-4099-B958-B20BFD37942C}
	EndGlobalSection
EndGlobal
